
Microsoft Visual Studio Solution File, Format Version 12.00
# Visual Studio Version 16
VisualStudioVersion = 16.0.31229.75
MinimumVisualStudioVersion = 10.0.40219.1
Project("{FAE04EC0-301F-11D3-BF4B-00C04F79EFBC}") = "AspNetCoreMiddleWareDemo", "AspNetCoreMiddleWareDemo\AspNetCoreMiddleWareDemo.csproj", "{D8DD7EA8-2E9C-4E7F-A4D2-031F315D757F}"
EndProject
Global
	GlobalSection(SolutionConfigurationPlatforms) = preSolution
		Debug|Any CPU = Debug|Any CPU
		Release|Any CPU = Release|Any CPU
	EndGlobalSection
	GlobalSection(ProjectConfigurationPlatforms) = postSolution
		{D8DD7EA8-2E9C-4E7F-A4D2-031F315D757F}.Debug|Any CPU.ActiveCfg = Debug|Any CPU
		{D8DD7EA8-2E9C-4E7F-A4D2-031F315D757F}.Debug|Any CPU.Build.0 = Debug|Any CPU
		{D8DD7EA8-2E9C-4E7F-A4D2-031F315D757F}.Release|Any CPU.ActiveCfg = Release|Any CPU
		{D8DD7EA8-2E9C-4E7F-A4D2-031F315D757F}.Release|Any CPU.Build.0 = Release|Any CPU
	EndGlobalSection
	GlobalSection(SolutionProperties) = preSolution
		HideSolutionNode = FALSE
	EndGlobalSection
	GlobalSection(ExtensibilityGlobals) = postSolution
		SolutionGuid = {F3DEDB29-5F36-42FE-9C6A-DBF4067F5E3E}
	EndGlobalSection
EndGlobal
