
Microsoft Visual Studio Solution File, Format Version 12.00
# Visual Studio Version 16
VisualStudioVersion = 16.0.31129.286
MinimumVisualStudioVersion = 10.0.40219.1
Project("{9A19103F-16F7-4668-BE54-9A1E7A4F7556}") = "Demo_Asynchronous_Programming", "Demo_Asynchronous_Programming\Demo_Asynchronous_Programming.csproj", "{30F40EA1-130B-453A-9915-386BB7509F6F}"
EndProject
Project("{9A19103F-16F7-4668-BE54-9A1E7A4F7556}") = "PrintEvenNumbers", "PrintEvenNumbers\PrintEvenNumbers.csproj", "{E9B93D82-5441-4F64-8D3B-9732A0AF841B}"
EndProject
Project("{9A19103F-16F7-4668-BE54-9A1E7A4F7556}") = "RaceCondition", "RaceCondition\RaceCondition.csproj", "{22B8A649-1FDB-4B52-86D0-D6CCD2D4022E}"
EndProject
Project("{9A19103F-16F7-4668-BE54-9A1E7A4F7556}") = "TaskDemo", "TaskDemo\TaskDemo.csproj", "{C9C6C433-FC36-4171-B9F4-9551E1DE0DAE}"
EndProject
Project("{FAE04EC0-301F-11D3-BF4B-00C04F79EFBC}") = "DataParallelism", "DataParallelism\DataParallelism.csproj", "{AA1631C6-FD47-406F-9A07-0388C3579773}"
EndProject
Global
	GlobalSection(SolutionConfigurationPlatforms) = preSolution
		Debug|Any CPU = Debug|Any CPU
		Release|Any CPU = Release|Any CPU
	EndGlobalSection
	GlobalSection(ProjectConfigurationPlatforms) = postSolution
		{30F40EA1-130B-453A-9915-386BB7509F6F}.Debug|Any CPU.ActiveCfg = Debug|Any CPU
		{30F40EA1-130B-453A-9915-386BB7509F6F}.Debug|Any CPU.Build.0 = Debug|Any CPU
		{30F40EA1-130B-453A-9915-386BB7509F6F}.Release|Any CPU.ActiveCfg = Release|Any CPU
		{30F40EA1-130B-453A-9915-386BB7509F6F}.Release|Any CPU.Build.0 = Release|Any CPU
		{E9B93D82-5441-4F64-8D3B-9732A0AF841B}.Debug|Any CPU.ActiveCfg = Debug|Any CPU
		{E9B93D82-5441-4F64-8D3B-9732A0AF841B}.Debug|Any CPU.Build.0 = Debug|Any CPU
		{E9B93D82-5441-4F64-8D3B-9732A0AF841B}.Release|Any CPU.ActiveCfg = Release|Any CPU
		{E9B93D82-5441-4F64-8D3B-9732A0AF841B}.Release|Any CPU.Build.0 = Release|Any CPU
		{22B8A649-1FDB-4B52-86D0-D6CCD2D4022E}.Debug|Any CPU.ActiveCfg = Debug|Any CPU
		{22B8A649-1FDB-4B52-86D0-D6CCD2D4022E}.Debug|Any CPU.Build.0 = Debug|Any CPU
		{22B8A649-1FDB-4B52-86D0-D6CCD2D4022E}.Release|Any CPU.ActiveCfg = Release|Any CPU
		{22B8A649-1FDB-4B52-86D0-D6CCD2D4022E}.Release|Any CPU.Build.0 = Release|Any CPU
		{C9C6C433-FC36-4171-B9F4-9551E1DE0DAE}.Debug|Any CPU.ActiveCfg = Debug|Any CPU
		{C9C6C433-FC36-4171-B9F4-9551E1DE0DAE}.Debug|Any CPU.Build.0 = Debug|Any CPU
		{C9C6C433-FC36-4171-B9F4-9551E1DE0DAE}.Release|Any CPU.ActiveCfg = Release|Any CPU
		{C9C6C433-FC36-4171-B9F4-9551E1DE0DAE}.Release|Any CPU.Build.0 = Release|Any CPU
		{AA1631C6-FD47-406F-9A07-0388C3579773}.Debug|Any CPU.ActiveCfg = Debug|Any CPU
		{AA1631C6-FD47-406F-9A07-0388C3579773}.Debug|Any CPU.Build.0 = Debug|Any CPU
		{AA1631C6-FD47-406F-9A07-0388C3579773}.Release|Any CPU.ActiveCfg = Release|Any CPU
		{AA1631C6-FD47-406F-9A07-0388C3579773}.Release|Any CPU.Build.0 = Release|Any CPU
	EndGlobalSection
	GlobalSection(SolutionProperties) = preSolution
		HideSolutionNode = FALSE
	EndGlobalSection
	GlobalSection(ExtensibilityGlobals) = postSolution
		SolutionGuid = {F6A49346-9758-4B30-B12D-DB15AC288A70}
	EndGlobalSection
EndGlobal
